
Microsoft Visual Studio Solution File, Format Version 12.00
# Visual Studio 2013
VisualStudioVersion = 12.0.40629.0
MinimumVisualStudioVersion = 10.0.40219.1
Project("{FAE04EC0-301F-11D3-BF4B-00C04F79EFBC}") = "MvcMusicStore", "MvcMusicStore\MvcMusicStore.csproj", "{2C99DBBA-119E-4F8C-9148-2DCE691338B2}"
EndProject
Project("{FAE04EC0-301F-11D3-BF4B-00C04F79EFBC}") = "MvcMusicStore.Tests", "MvcMusicStore.Tests\MvcMusicStore.Tests.csproj", "{0C1351E4-94D4-40ED-84E0-0F405F6BEFF5}"
EndProject
Global
	GlobalSection(SolutionConfigurationPlatforms) = preSolution
		Debug|Any CPU = Debug|Any CPU
		Release|Any CPU = Release|Any CPU
	EndGlobalSection
	GlobalSection(ProjectConfigurationPlatforms) = postSolution
		{2C99DBBA-119E-4F8C-9148-2DCE691338B2}.Debug|Any CPU.ActiveCfg = Debug|Any CPU
		{2C99DBBA-119E-4F8C-9148-2DCE691338B2}.Debug|Any CPU.Build.0 = Debug|Any CPU
		{2C99DBBA-119E-4F8C-9148-2DCE691338B2}.Release|Any CPU.ActiveCfg = Release|Any CPU
		{2C99DBBA-119E-4F8C-9148-2DCE691338B2}.Release|Any CPU.Build.0 = Release|Any CPU
		{0C1351E4-94D4-40ED-84E0-0F405F6BEFF5}.Debug|Any CPU.ActiveCfg = Debug|Any CPU
		{0C1351E4-94D4-40ED-84E0-0F405F6BEFF5}.Debug|Any CPU.Build.0 = Debug|Any CPU
		{0C1351E4-94D4-40ED-84E0-0F405F6BEFF5}.Release|Any CPU.ActiveCfg = Release|Any CPU
		{0C1351E4-94D4-40ED-84E0-0F405F6BEFF5}.Release|Any CPU.Build.0 = Release|Any CPU
	EndGlobalSection
	GlobalSection(SolutionProperties) = preSolution
		HideSolutionNode = FALSE
	EndGlobalSection
EndGlobal
